// !$*UTF8*$!
{
	archiveVersion = 1;
	classes = {
	};
	objectVersion = 56;
	objects = {

/* Begin PBXBuildFile section */
		4688EDD82B19DDC00003C6B2 /* day1.cpp in Sources */ = {isa = PBXBuildFile; fileRef = 4688EDD72B19DDC00003C6B2 /* day1.cpp */; };
		46A570512B19E3B6008A35C3 /* day2.cpp in Sources */ = {isa = PBXBuildFile; fileRef = 46A570502B19E3B6008A35C3 /* day2.cpp */; };
		46A570542B19E422008A35C3 /* file_reader.cpp in Sources */ = {isa = PBXBuildFile; fileRef = 46A570522B19E422008A35C3 /* file_reader.cpp */; };
/* End PBXBuildFile section */

/* Begin PBXCopyFilesBuildPhase section */
		4688EDD22B19DDC00003C6B2 /* CopyFiles */ = {
			isa = PBXCopyFilesBuildPhase;
			buildActionMask = 2147483647;
			dstPath = /usr/share/man/man1/;
			dstSubfolderSpec = 0;
			files = (
			);
			runOnlyForDeploymentPostprocessing = 1;
		};
/* End PBXCopyFilesBuildPhase section */

/* Begin PBXFileReference section */
		4688EDD42B19DDC00003C6B2 /* AoC2023 */ = {isa = PBXFileReference; explicitFileType = "compiled.mach-o.executable"; includeInIndex = 0; path = AoC2023; sourceTree = BUILT_PRODUCTS_DIR; };
		4688EDD72B19DDC00003C6B2 /* day1.cpp */ = {isa = PBXFileReference; lastKnownFileType = sourcecode.cpp.cpp; path = day1.cpp; sourceTree = "<group>"; };
		46A5704D2B19E0D1008A35C3 /* day1_1.txt */ = {isa = PBXFileReference; lastKnownFileType = text; path = day1_1.txt; sourceTree = "<group>"; };
		46A570502B19E3B6008A35C3 /* day2.cpp */ = {isa = PBXFileReference; lastKnownFileType = sourcecode.cpp.cpp; path = day2.cpp; sourceTree = "<group>"; };
		46A570522B19E422008A35C3 /* file_reader.cpp */ = {isa = PBXFileReference; lastKnownFileType = sourcecode.cpp.cpp; path = file_reader.cpp; sourceTree = "<group>"; };
		46A570532B19E422008A35C3 /* file_reader.hpp */ = {isa = PBXFileReference; lastKnownFileType = sourcecode.cpp.h; path = file_reader.hpp; sourceTree = "<group>"; };
		46A570552B19FA31008A35C3 /* day1_2.txt */ = {isa = PBXFileReference; lastKnownFileType = text; path = day1_2.txt; sourceTree = "<group>"; };
/* End PBXFileReference section */

/* Begin PBXFrameworksBuildPhase section */
		4688EDD12B19DDC00003C6B2 /* Frameworks */ = {
			isa = PBXFrameworksBuildPhase;
			buildActionMask = 2147483647;
			files = (
			);
			runOnlyForDeploymentPostprocessing = 0;
		};
/* End PBXFrameworksBuildPhase section */

/* Begin PBXGroup section */
		4688EDCB2B19DDC00003C6B2 = {
			isa = PBXGroup;
			children = (
				4688EDD62B19DDC00003C6B2 /* AoC2023 */,
				4688EDD52B19DDC00003C6B2 /* Products */,
			);
			sourceTree = "<group>";
		};
		4688EDD52B19DDC00003C6B2 /* Products */ = {
			isa = PBXGroup;
			children = (
				4688EDD42B19DDC00003C6B2 /* AoC2023 */,
			);
			name = Products;
			sourceTree = "<group>";
		};
		4688EDD62B19DDC00003C6B2 /* AoC2023 */ = {
			isa = PBXGroup;
			children = (
				46A5704E2B19E250008A35C3 /* solutions */,
				46A5704B2B19E0A9008A35C3 /* inputs */,
			);
			path = AoC2023;
			sourceTree = "<group>";
		};
		46A5704B2B19E0A9008A35C3 /* inputs */ = {
			isa = PBXGroup;
			children = (
				46A5704D2B19E0D1008A35C3 /* day1_1.txt */,
				46A570552B19FA31008A35C3 /* day1_2.txt */,
			);
			path = inputs;
			sourceTree = "<group>";
		};
		46A5704E2B19E250008A35C3 /* solutions */ = {
			isa = PBXGroup;
			children = (
				4688EDD72B19DDC00003C6B2 /* day1.cpp */,
				46A570502B19E3B6008A35C3 /* day2.cpp */,
				46A570522B19E422008A35C3 /* file_reader.cpp */,
				46A570532B19E422008A35C3 /* file_reader.hpp */,
			);
			path = solutions;
			sourceTree = "<group>";
		};
/* End PBXGroup section */

/* Begin PBXNativeTarget section */
		4688EDD32B19DDC00003C6B2 /* AoC2023 */ = {
			isa = PBXNativeTarget;
			buildConfigurationList = 4688EDDB2B19DDC00003C6B2 /* Build configuration list for PBXNativeTarget "AoC2023" */;
			buildPhases = (
				4688EDD02B19DDC00003C6B2 /* Sources */,
				4688EDD12B19DDC00003C6B2 /* Frameworks */,
				4688EDD22B19DDC00003C6B2 /* CopyFiles */,
			);
			buildRules = (
			);
			dependencies = (
			);
			name = AoC2023;
			productName = AoC2023;
			productReference = 4688EDD42B19DDC00003C6B2 /* AoC2023 */;
			productType = "com.apple.product-type.tool";
		};
/* End PBXNativeTarget section */

/* Begin PBXProject section */
		4688EDCC2B19DDC00003C6B2 /* Project object */ = {
			isa = PBXProject;
			attributes = {
				BuildIndependentTargetsInParallel = 1;
				LastUpgradeCheck = 1500;
				TargetAttributes = {
					4688EDD32B19DDC00003C6B2 = {
						CreatedOnToolsVersion = 15.0.1;
					};
				};
			};
			buildConfigurationList = 4688EDCF2B19DDC00003C6B2 /* Build configuration list for PBXProject "AoC2023" */;
			compatibilityVersion = "Xcode 14.0";
			developmentRegion = en;
			hasScannedForEncodings = 0;
			knownRegions = (
				en,
				Base,
			);
			mainGroup = 4688EDCB2B19DDC00003C6B2;
			productRefGroup = 4688EDD52B19DDC00003C6B2 /* Products */;
			projectDirPath = "";
			projectRoot = "";
			targets = (
				4688EDD32B19DDC00003C6B2 /* AoC2023 */,
			);
		};
/* End PBXProject section */

/* Begin PBXSourcesBuildPhase section */
		4688EDD02B19DDC00003C6B2 /* Sources */ = {
			isa = PBXSourcesBuildPhase;
			buildActionMask = 2147483647;
			files = (
				4688EDD82B19DDC00003C6B2 /* day1.cpp in Sources */,
				46A570542B19E422008A35C3 /* file_reader.cpp in Sources */,
				46A570512B19E3B6008A35C3 /* day2.cpp in Sources */,
			);
			runOnlyForDeploymentPostprocessing = 0;
		};
/* End PBXSourcesBuildPhase section */

/* Begin XCBuildConfiguration section */
		4688EDD92B19DDC00003C6B2 /* Debug */ = {
			isa = XCBuildConfiguration;
			buildSettings = {
				ALWAYS_SEARCH_USER_PATHS = NO;
				ASSETCATALOG_COMPILER_GENERATE_SWIFT_ASSET_SYMBOL_EXTENSIONS = YES;
				CLANG_ANALYZER_NONNULL = YES;
				CLANG_ANALYZER_NUMBER_OBJECT_CONVERSION = YES_AGGRESSIVE;
				CLANG_CXX_LANGUAGE_STANDARD = "gnu++20";
				CLANG_ENABLE_MODULES = YES;
				CLANG_ENABLE_OBJC_ARC = YES;
				CLANG_ENABLE_OBJC_WEAK = YES;
				CLANG_WARN_BLOCK_CAPTURE_AUTORELEASING = YES;
				CLANG_WARN_BOOL_CONVERSION = YES;
				CLANG_WARN_COMMA = YES;
				CLANG_WARN_CONSTANT_CONVERSION = YES;
				CLANG_WARN_DEPRECATED_OBJC_IMPLEMENTATIONS = YES;
				CLANG_WARN_DIRECT_OBJC_ISA_USAGE = YES_ERROR;
				CLANG_WARN_DOCUMENTATION_COMMENTS = YES;
				CLANG_WARN_EMPTY_BODY = YES;
				CLANG_WARN_ENUM_CONVERSION = YES;
				CLANG_WARN_INFINITE_RECURSION = YES;
				CLANG_WARN_INT_CONVERSION = YES;
				CLANG_WARN_NON_LITERAL_NULL_CONVERSION = YES;
				CLANG_WARN_OBJC_IMPLICIT_RETAIN_SELF = YES;
				CLANG_WARN_OBJC_LITERAL_CONVERSION = YES;
				CLANG_WARN_OBJC_ROOT_CLASS = YES_ERROR;
				CLANG_WARN_QUOTED_INCLUDE_IN_FRAMEWORK_HEADER = YES;
				CLANG_WARN_RANGE_LOOP_ANALYSIS = YES;
				CLANG_WARN_STRICT_PROTOTYPES = YES;
				CLANG_WARN_SUSPICIOUS_MOVE = YES;
				CLANG_WARN_UNGUARDED_AVAILABILITY = YES_AGGRESSIVE;
				CLANG_WARN_UNREACHABLE_CODE = YES;
				CLANG_WARN__DUPLICATE_METHOD_MATCH = YES;
				COPY_PHASE_STRIP = NO;
				DEBUG_INFORMATION_FORMAT = dwarf;
				ENABLE_STRICT_OBJC_MSGSEND = YES;
				ENABLE_TESTABILITY = YES;
				ENABLE_USER_SCRIPT_SANDBOXING = YES;
				GCC_C_LANGUAGE_STANDARD = gnu17;
				GCC_DYNAMIC_NO_PIC = NO;
				GCC_NO_COMMON_BLOCKS = YES;
				GCC_OPTIMIZATION_LEVEL = 0;
				GCC_PREPROCESSOR_DEFINITIONS = (
					"DEBUG=1",
					"$(inherited)",
				);
				GCC_WARN_64_TO_32_BIT_CONVERSION = YES;
				GCC_WARN_ABOUT_RETURN_TYPE = YES_ERROR;
				GCC_WARN_UNDECLARED_SELECTOR = YES;
				GCC_WARN_UNINITIALIZED_AUTOS = YES_AGGRESSIVE;
				GCC_WARN_UNUSED_FUNCTION = YES;
				GCC_WARN_UNUSED_VARIABLE = YES;
				LOCALIZATION_PREFERS_STRING_CATALOGS = YES;
				MACOSX_DEPLOYMENT_TARGET = 14.0;
				MTL_ENABLE_DEBUG_INFO = INCLUDE_SOURCE;
				MTL_FAST_MATH = YES;
				ONLY_ACTIVE_ARCH = YES;
				SDKROOT = macosx;
			};
			name = Debug;
		};
		4688EDDA2B19DDC00003C6B2 /* Release */ = {
			isa = XCBuildConfiguration;
			buildSettings = {
				ALWAYS_SEARCH_USER_PATHS = NO;
				ASSETCATALOG_COMPILER_GENERATE_SWIFT_ASSET_SYMBOL_EXTENSIONS = YES;
				CLANG_ANALYZER_NONNULL = YES;
				CLANG_ANALYZER_NUMBER_OBJECT_CONVERSION = YES_AGGRESSIVE;
				CLANG_CXX_LANGUAGE_STANDARD = "gnu++20";
				CLANG_ENABLE_MODULES = YES;
				CLANG_ENABLE_OBJC_ARC = YES;
				CLANG_ENABLE_OBJC_WEAK = YES;
				CLANG_WARN_BLOCK_CAPTURE_AUTORELEASING = YES;
				CLANG_WARN_BOOL_CONVERSION = YES;
				CLANG_WARN_COMMA = YES;
				CLANG_WARN_CONSTANT_CONVERSION = YES;
				CLANG_WARN_DEPRECATED_OBJC_IMPLEMENTATIONS = YES;
				CLANG_WARN_DIRECT_OBJC_ISA_USAGE = YES_ERROR;
				CLANG_WARN_DOCUMENTATION_COMMENTS = YES;
				CLANG_WARN_EMPTY_BODY = YES;
				CLANG_WARN_ENUM_CONVERSION = YES;
				CLANG_WARN_INFINITE_RECURSION = YES;
				CLANG_WARN_INT_CONVERSION = YES;
				CLANG_WARN_NON_LITERAL_NULL_CONVERSION = YES;
				CLANG_WARN_OBJC_IMPLICIT_RETAIN_SELF = YES;
				CLANG_WARN_OBJC_LITERAL_CONVERSION = YES;
				CLANG_WARN_OBJC_ROOT_CLASS = YES_ERROR;
				CLANG_WARN_QUOTED_INCLUDE_IN_FRAMEWORK_HEADER = YES;
				CLANG_WARN_RANGE_LOOP_ANALYSIS = YES;
				CLANG_WARN_STRICT_PROTOTYPES = YES;
				CLANG_WARN_SUSPICIOUS_MOVE = YES;
				CLANG_WARN_UNGUARDED_AVAILABILITY = YES_AGGRESSIVE;
				CLANG_WARN_UNREACHABLE_CODE = YES;
				CLANG_WARN__DUPLICATE_METHOD_MATCH = YES;
				COPY_PHASE_STRIP = NO;
				DEBUG_INFORMATION_FORMAT = "dwarf-with-dsym";
				ENABLE_NS_ASSERTIONS = NO;
				ENABLE_STRICT_OBJC_MSGSEND = YES;
				ENABLE_USER_SCRIPT_SANDBOXING = YES;
				GCC_C_LANGUAGE_STANDARD = gnu17;
				GCC_NO_COMMON_BLOCKS = YES;
				GCC_WARN_64_TO_32_BIT_CONVERSION = YES;
				GCC_WARN_ABOUT_RETURN_TYPE = YES_ERROR;
				GCC_WARN_UNDECLARED_SELECTOR = YES;
				GCC_WARN_UNINITIALIZED_AUTOS = YES_AGGRESSIVE;
				GCC_WARN_UNUSED_FUNCTION = YES;
				GCC_WARN_UNUSED_VARIABLE = YES;
				LOCALIZATION_PREFERS_STRING_CATALOGS = YES;
				MACOSX_DEPLOYMENT_TARGET = 14.0;
				MTL_ENABLE_DEBUG_INFO = NO;
				MTL_FAST_MATH = YES;
				SDKROOT = macosx;
			};
			name = Release;
		};
		4688EDDC2B19DDC00003C6B2 /* Debug */ = {
			isa = XCBuildConfiguration;
			buildSettings = {
				CODE_SIGN_STYLE = Automatic;
				PRODUCT_NAME = "$(TARGET_NAME)";
			};
			name = Debug;
		};
		4688EDDD2B19DDC00003C6B2 /* Release */ = {
			isa = XCBuildConfiguration;
			buildSettings = {
				CODE_SIGN_STYLE = Automatic;
				PRODUCT_NAME = "$(TARGET_NAME)";
			};
			name = Release;
		};
/* End XCBuildConfiguration section */

/* Begin XCConfigurationList section */
		4688EDCF2B19DDC00003C6B2 /* Build configuration list for PBXProject "AoC2023" */ = {
			isa = XCConfigurationList;
			buildConfigurations = (
				4688EDD92B19DDC00003C6B2 /* Debug */,
				4688EDDA2B19DDC00003C6B2 /* Release */,
			);
			defaultConfigurationIsVisible = 0;
			defaultConfigurationName = Release;
		};
		4688EDDB2B19DDC00003C6B2 /* Build configuration list for PBXNativeTarget "AoC2023" */ = {
			isa = XCConfigurationList;
			buildConfigurations = (
				4688EDDC2B19DDC00003C6B2 /* Debug */,
				4688EDDD2B19DDC00003C6B2 /* Release */,
			);
			defaultConfigurationIsVisible = 0;
			defaultConfigurationName = Release;
		};
/* End XCConfigurationList section */
	};
	rootObject = 4688EDCC2B19DDC00003C6B2 /* Project object */;
}
